
Microsoft Visual Studio Solution File, Format Version 12.00
# Visual Studio Version 17
VisualStudioVersion = 17.8.34322.80
MinimumVisualStudioVersion = 10.0.40219.1
Project("{FAE04EC0-301F-11D3-BF4B-00C04F79EFBC}") = "Hof2_MinigamesCheats", "Hof2_MinigamesCheats.csproj", "{7046D16A-615F-40DF-A7A7-F73635813AB4}"
EndProject
Global
	GlobalSection(SolutionConfigurationPlatforms) = preSolution
		Debug|Any CPU = Debug|Any CPU
		Release|Any CPU = Release|Any CPU
	EndGlobalSection
	GlobalSection(ProjectConfigurationPlatforms) = postSolution
		{7046D16A-615F-40DF-A7A7-F73635813AB4}.Debug|Any CPU.ActiveCfg = Debug|Any CPU
		{7046D16A-615F-40DF-A7A7-F73635813AB4}.Debug|Any CPU.Build.0 = Debug|Any CPU
		{7046D16A-615F-40DF-A7A7-F73635813AB4}.Release|Any CPU.ActiveCfg = Release|Any CPU
		{7046D16A-615F-40DF-A7A7-F73635813AB4}.Release|Any CPU.Build.0 = Release|Any CPU
	EndGlobalSection
	GlobalSection(SolutionProperties) = preSolution
		HideSolutionNode = FALSE
	EndGlobalSection
	GlobalSection(ExtensibilityGlobals) = postSolution
		SolutionGuid = {391DAACE-713A-40AC-A9F4-651AF287BE13}
	EndGlobalSection
EndGlobal
